{
  "name": "chorder",
  "version": "1.0.0",
  "lockfileVersion": 1,
  "requires": true,
  "dependencies": {
    "accidental-value": {
      "version": "1.0.0",
      "resolved": "https://registry.npmjs.org/accidental-value/-/accidental-value-1.0.0.tgz",
      "integrity": "sha1-nQh1Oozl+KfgtJFXnvXB4BiJ6A8="
    },
    "daccord": {
      "version": "2.0.1",
      "resolved": "https://registry.npmjs.org/daccord/-/daccord-2.0.1.tgz",
      "integrity": "sha1-EzH59FFis2roUm7P4z5GSpG8XfA=",
      "requires": {
        "error": "7.0.2"
      }
    },
    "error": {
      "version": "7.0.2",
      "resolved": "https://registry.npmjs.org/error/-/error-7.0.2.tgz",
      "integrity": "sha1-pfdf/02ZJhJt2sDqXcOOaJFTywI=",
      "requires": {
        "string-template": "0.2.1",
        "xtend": "4.0.1"
      }
    },
    "helmholtz": {
      "version": "2.0.2",
      "resolved": "https://registry.npmjs.org/helmholtz/-/helmholtz-2.0.2.tgz",
      "integrity": "sha1-VGMGIb2HV1sMK9kUcIenmo/jCBE=",
      "requires": {
        "accidental-value": "1.0.0",
        "notecoord": "1.1.0"
      }
    },
    "interval-coords": {
      "version": "1.1.1",
      "resolved": "https://registry.npmjs.org/interval-coords/-/interval-coords-1.1.1.tgz",
      "integrity": "sha1-SoOkAhRtlaTbBiwSm3nLNKfs3ck="
    },
    "notecoord": {
      "version": "1.1.0",
      "resolved": "https://registry.npmjs.org/notecoord/-/notecoord-1.1.0.tgz",
      "integrity": "sha1-icQqt7tXlqKfPH+t6YJcUJ2PHtE="
    },
    "pitch-fq": {
      "version": "1.0.0",
      "resolved": "https://registry.npmjs.org/pitch-fq/-/pitch-fq-1.0.0.tgz",
      "integrity": "sha1-ZRs+iFL2W5VV86KPeulvEeNTNBY="
    },
    "scientific-notation": {
      "version": "1.0.2",
      "resolved": "https://registry.npmjs.org/scientific-notation/-/scientific-notation-1.0.2.tgz",
      "integrity": "sha1-zOo5VP4ql502QcljrNmeVzNjkYI=",
      "requires": {
        "accidental-value": "1.0.0",
        "notecoord": "1.1.0"
      }
    },
    "string-template": {
      "version": "0.2.1",
      "resolved": "https://registry.npmjs.org/string-template/-/string-template-0.2.1.tgz",
      "integrity": "sha1-QpMuWYo1LQH8IuwzZ9nYTuxsmt0="
    },
    "teoria": {
      "version": "2.5.0",
      "resolved": "https://registry.npmjs.org/teoria/-/teoria-2.5.0.tgz",
      "integrity": "sha512-LdnDG2PKkYAdBWGBgqZS3POuwq3Kzwj4PBR4PzEsEQ8T/tGqwEoa++SLDxSx7mvsfYA2VirfJWSXhMcpuhquaQ==",
      "requires": {
        "daccord": "1.1.0",
        "helmholtz": "2.0.2",
        "interval-coords": "1.1.1",
        "pitch-fq": "1.0.0",
        "scientific-notation": "1.0.2"
      },
      "dependencies": {
        "daccord": {
          "version": "1.1.0",
          "resolved": "https://registry.npmjs.org/daccord/-/daccord-1.1.0.tgz",
          "integrity": "sha1-NvDzmrH1dfdwndl9Nv/m2It40bQ="
        }
      }
    },
    "typescript": {
      "version": "2.5.3",
      "resolved": "https://registry.npmjs.org/typescript/-/typescript-2.5.3.tgz",
      "integrity": "sha512-ptLSQs2S4QuS6/OD1eAKG+S5G8QQtrU5RT32JULdZQtM1L3WTi34Wsu48Yndzi8xsObRAB9RPt/KhA9wlpEF6w=="
    },
    "xtend": {
      "version": "4.0.1",
      "resolved": "https://registry.npmjs.org/xtend/-/xtend-4.0.1.tgz",
      "integrity": "sha1-pcbVMr5lbiPbgg77lDofBJmNY68="
    }
  }
}
